
Microsoft Visual Studio Solution File, Format Version 12.00
# Visual Studio Version 16
VisualStudioVersion = 16.0.30114.105
MinimumVisualStudioVersion = 10.0.40219.1
Project("{FAE04EC0-301F-11D3-BF4B-00C04F79EFBC}") = "CleanArchMvc.Application", "CleanArchMvc.Application\CleanArchMvc.Application.csproj", "{A10F11CB-A5C3-4E88-96A4-0FD86961806E}"
EndProject
Project("{FAE04EC0-301F-11D3-BF4B-00C04F79EFBC}") = "CleanArchMvc.Domain", "CleanArchMvc.Domain\CleanArchMvc.Domain.csproj", "{D885D052-89CE-4422-9418-4B52E0DAAAAE}"
EndProject
Project("{FAE04EC0-301F-11D3-BF4B-00C04F79EFBC}") = "CleanArchMvc.Infra.Data", "CleanArchMvc.Infra.Data\CleanArchMvc.Infra.Data.csproj", "{F9BB8A46-DDF4-4CE7-B916-BC52D7D0D5AA}"
EndProject
Project("{FAE04EC0-301F-11D3-BF4B-00C04F79EFBC}") = "CleanArchMvc.Infra.IoC", "CleanArchMvc.Infra.IoC\CleanArchMvc.Infra.IoC.csproj", "{D70AE7B5-43C8-405B-826F-674C72934491}"
EndProject
Project("{FAE04EC0-301F-11D3-BF4B-00C04F79EFBC}") = "CleanArchMvc.WebUI", "CleanArchMvc.WebUI\CleanArchMvc.WebUI.csproj", "{F2F18890-63A1-40AB-94C9-B5508B9BCC18}"
EndProject
Global
	GlobalSection(SolutionConfigurationPlatforms) = preSolution
		Debug|Any CPU = Debug|Any CPU
		Debug|x64 = Debug|x64
		Debug|x86 = Debug|x86
		Release|Any CPU = Release|Any CPU
		Release|x64 = Release|x64
		Release|x86 = Release|x86
	EndGlobalSection
	GlobalSection(SolutionProperties) = preSolution
		HideSolutionNode = FALSE
	EndGlobalSection
	GlobalSection(ProjectConfigurationPlatforms) = postSolution
		{A10F11CB-A5C3-4E88-96A4-0FD86961806E}.Debug|Any CPU.ActiveCfg = Debug|Any CPU
		{A10F11CB-A5C3-4E88-96A4-0FD86961806E}.Debug|Any CPU.Build.0 = Debug|Any CPU
		{A10F11CB-A5C3-4E88-96A4-0FD86961806E}.Debug|x64.ActiveCfg = Debug|Any CPU
		{A10F11CB-A5C3-4E88-96A4-0FD86961806E}.Debug|x64.Build.0 = Debug|Any CPU
		{A10F11CB-A5C3-4E88-96A4-0FD86961806E}.Debug|x86.ActiveCfg = Debug|Any CPU
		{A10F11CB-A5C3-4E88-96A4-0FD86961806E}.Debug|x86.Build.0 = Debug|Any CPU
		{A10F11CB-A5C3-4E88-96A4-0FD86961806E}.Release|Any CPU.ActiveCfg = Release|Any CPU
		{A10F11CB-A5C3-4E88-96A4-0FD86961806E}.Release|Any CPU.Build.0 = Release|Any CPU
		{A10F11CB-A5C3-4E88-96A4-0FD86961806E}.Release|x64.ActiveCfg = Release|Any CPU
		{A10F11CB-A5C3-4E88-96A4-0FD86961806E}.Release|x64.Build.0 = Release|Any CPU
		{A10F11CB-A5C3-4E88-96A4-0FD86961806E}.Release|x86.ActiveCfg = Release|Any CPU
		{A10F11CB-A5C3-4E88-96A4-0FD86961806E}.Release|x86.Build.0 = Release|Any CPU
		{D885D052-89CE-4422-9418-4B52E0DAAAAE}.Debug|Any CPU.ActiveCfg = Debug|Any CPU
		{D885D052-89CE-4422-9418-4B52E0DAAAAE}.Debug|Any CPU.Build.0 = Debug|Any CPU
		{D885D052-89CE-4422-9418-4B52E0DAAAAE}.Debug|x64.ActiveCfg = Debug|Any CPU
		{D885D052-89CE-4422-9418-4B52E0DAAAAE}.Debug|x64.Build.0 = Debug|Any CPU
		{D885D052-89CE-4422-9418-4B52E0DAAAAE}.Debug|x86.ActiveCfg = Debug|Any CPU
		{D885D052-89CE-4422-9418-4B52E0DAAAAE}.Debug|x86.Build.0 = Debug|Any CPU
		{D885D052-89CE-4422-9418-4B52E0DAAAAE}.Release|Any CPU.ActiveCfg = Release|Any CPU
		{D885D052-89CE-4422-9418-4B52E0DAAAAE}.Release|Any CPU.Build.0 = Release|Any CPU
		{D885D052-89CE-4422-9418-4B52E0DAAAAE}.Release|x64.ActiveCfg = Release|Any CPU
		{D885D052-89CE-4422-9418-4B52E0DAAAAE}.Release|x64.Build.0 = Release|Any CPU
		{D885D052-89CE-4422-9418-4B52E0DAAAAE}.Release|x86.ActiveCfg = Release|Any CPU
		{D885D052-89CE-4422-9418-4B52E0DAAAAE}.Release|x86.Build.0 = Release|Any CPU
		{F9BB8A46-DDF4-4CE7-B916-BC52D7D0D5AA}.Debug|Any CPU.ActiveCfg = Debug|Any CPU
		{F9BB8A46-DDF4-4CE7-B916-BC52D7D0D5AA}.Debug|Any CPU.Build.0 = Debug|Any CPU
		{F9BB8A46-DDF4-4CE7-B916-BC52D7D0D5AA}.Debug|x64.ActiveCfg = Debug|Any CPU
		{F9BB8A46-DDF4-4CE7-B916-BC52D7D0D5AA}.Debug|x64.Build.0 = Debug|Any CPU
		{F9BB8A46-DDF4-4CE7-B916-BC52D7D0D5AA}.Debug|x86.ActiveCfg = Debug|Any CPU
		{F9BB8A46-DDF4-4CE7-B916-BC52D7D0D5AA}.Debug|x86.Build.0 = Debug|Any CPU
		{F9BB8A46-DDF4-4CE7-B916-BC52D7D0D5AA}.Release|Any CPU.ActiveCfg = Release|Any CPU
		{F9BB8A46-DDF4-4CE7-B916-BC52D7D0D5AA}.Release|Any CPU.Build.0 = Release|Any CPU
		{F9BB8A46-DDF4-4CE7-B916-BC52D7D0D5AA}.Release|x64.ActiveCfg = Release|Any CPU
		{F9BB8A46-DDF4-4CE7-B916-BC52D7D0D5AA}.Release|x64.Build.0 = Release|Any CPU
		{F9BB8A46-DDF4-4CE7-B916-BC52D7D0D5AA}.Release|x86.ActiveCfg = Release|Any CPU
		{F9BB8A46-DDF4-4CE7-B916-BC52D7D0D5AA}.Release|x86.Build.0 = Release|Any CPU
		{D70AE7B5-43C8-405B-826F-674C72934491}.Debug|Any CPU.ActiveCfg = Debug|Any CPU
		{D70AE7B5-43C8-405B-826F-674C72934491}.Debug|Any CPU.Build.0 = Debug|Any CPU
		{D70AE7B5-43C8-405B-826F-674C72934491}.Debug|x64.ActiveCfg = Debug|Any CPU
		{D70AE7B5-43C8-405B-826F-674C72934491}.Debug|x64.Build.0 = Debug|Any CPU
		{D70AE7B5-43C8-405B-826F-674C72934491}.Debug|x86.ActiveCfg = Debug|Any CPU
		{D70AE7B5-43C8-405B-826F-674C72934491}.Debug|x86.Build.0 = Debug|Any CPU
		{D70AE7B5-43C8-405B-826F-674C72934491}.Release|Any CPU.ActiveCfg = Release|Any CPU
		{D70AE7B5-43C8-405B-826F-674C72934491}.Release|Any CPU.Build.0 = Release|Any CPU
		{D70AE7B5-43C8-405B-826F-674C72934491}.Release|x64.ActiveCfg = Release|Any CPU
		{D70AE7B5-43C8-405B-826F-674C72934491}.Release|x64.Build.0 = Release|Any CPU
		{D70AE7B5-43C8-405B-826F-674C72934491}.Release|x86.ActiveCfg = Release|Any CPU
		{D70AE7B5-43C8-405B-826F-674C72934491}.Release|x86.Build.0 = Release|Any CPU
		{F2F18890-63A1-40AB-94C9-B5508B9BCC18}.Debug|Any CPU.ActiveCfg = Debug|Any CPU
		{F2F18890-63A1-40AB-94C9-B5508B9BCC18}.Debug|Any CPU.Build.0 = Debug|Any CPU
		{F2F18890-63A1-40AB-94C9-B5508B9BCC18}.Debug|x64.ActiveCfg = Debug|Any CPU
		{F2F18890-63A1-40AB-94C9-B5508B9BCC18}.Debug|x64.Build.0 = Debug|Any CPU
		{F2F18890-63A1-40AB-94C9-B5508B9BCC18}.Debug|x86.ActiveCfg = Debug|Any CPU
		{F2F18890-63A1-40AB-94C9-B5508B9BCC18}.Debug|x86.Build.0 = Debug|Any CPU
		{F2F18890-63A1-40AB-94C9-B5508B9BCC18}.Release|Any CPU.ActiveCfg = Release|Any CPU
		{F2F18890-63A1-40AB-94C9-B5508B9BCC18}.Release|Any CPU.Build.0 = Release|Any CPU
		{F2F18890-63A1-40AB-94C9-B5508B9BCC18}.Release|x64.ActiveCfg = Release|Any CPU
		{F2F18890-63A1-40AB-94C9-B5508B9BCC18}.Release|x64.Build.0 = Release|Any CPU
		{F2F18890-63A1-40AB-94C9-B5508B9BCC18}.Release|x86.ActiveCfg = Release|Any CPU
		{F2F18890-63A1-40AB-94C9-B5508B9BCC18}.Release|x86.Build.0 = Release|Any CPU
	EndGlobalSection
EndGlobal
